
Microsoft Visual Studio Solution File, Format Version 12.00
# Visual Studio Version 17
VisualStudioVersion = 17.2.32210.308
MinimumVisualStudioVersion = 10.0.40219.1
Project("{FAE04EC0-301F-11D3-BF4B-00C04F79EFBC}") = "WDYDH.lib", "WDYDH.lib\WDYDH.lib.csproj", "{362A82A3-3F76-4958-9712-D75F2E5DEC96}"
EndProject
Project("{FAE04EC0-301F-11D3-BF4B-00C04F79EFBC}") = "WDYDH.Tests", "WDYDH.Tests\WDYDH.Tests.csproj", "{737030B3-5BDB-482C-98CB-86579F42D366}"
EndProject
Global
	GlobalSection(SolutionConfigurationPlatforms) = preSolution
		Debug|Any CPU = Debug|Any CPU
		Release|Any CPU = Release|Any CPU
	EndGlobalSection
	GlobalSection(ProjectConfigurationPlatforms) = postSolution
		{362A82A3-3F76-4958-9712-D75F2E5DEC96}.Debug|Any CPU.ActiveCfg = Debug|Any CPU
		{362A82A3-3F76-4958-9712-D75F2E5DEC96}.Debug|Any CPU.Build.0 = Debug|Any CPU
		{362A82A3-3F76-4958-9712-D75F2E5DEC96}.Release|Any CPU.ActiveCfg = Release|Any CPU
		{362A82A3-3F76-4958-9712-D75F2E5DEC96}.Release|Any CPU.Build.0 = Release|Any CPU
		{737030B3-5BDB-482C-98CB-86579F42D366}.Debug|Any CPU.ActiveCfg = Debug|Any CPU
		{737030B3-5BDB-482C-98CB-86579F42D366}.Debug|Any CPU.Build.0 = Debug|Any CPU
		{737030B3-5BDB-482C-98CB-86579F42D366}.Release|Any CPU.ActiveCfg = Release|Any CPU
		{737030B3-5BDB-482C-98CB-86579F42D366}.Release|Any CPU.Build.0 = Release|Any CPU
	EndGlobalSection
	GlobalSection(SolutionProperties) = preSolution
		HideSolutionNode = FALSE
	EndGlobalSection
	GlobalSection(ExtensibilityGlobals) = postSolution
		SolutionGuid = {D5175814-1FFA-479D-88DC-90DB10441184}
	EndGlobalSection
EndGlobal
